
Microsoft Visual Studio Solution File, Format Version 12.00
# Visual Studio Version 17
VisualStudioVersion = 17.4.33213.308
MinimumVisualStudioVersion = 10.0.40219.1
Project("{9A19103F-16F7-4668-BE54-9A1E7A4F7556}") = "Dota2Modding.Common", "Dota2Modding.Common\Dota2Modding.Common.csproj", "{61B6420D-DF9F-4634-B05B-0A6A0884DD2D}"
EndProject
Project("{9A19103F-16F7-4668-BE54-9A1E7A4F7556}") = "Dota2Modding.Playground", "Dota2Modding.Playground\Dota2Modding.Playground.csproj", "{F20A514A-1055-4E7B-9B12-65B1EFED17EA}"
EndProject
Project("{9A19103F-16F7-4668-BE54-9A1E7A4F7556}") = "Dota2Modding.VisualEditor", "Dota2Modding.VisualEditor\Dota2Modding.VisualEditor.csproj", "{C0EA7583-8745-4D76-B7DD-6737C40D1C9C}"
EndProject
Project("{9A19103F-16F7-4668-BE54-9A1E7A4F7556}") = "Dota2Modding.VisualEditor.GUI", "Dota2Modding.VisualEditor.GUI\Dota2Modding.VisualEditor.GUI.csproj", "{1804AF49-AD29-460C-8907-A34300F62848}"
EndProject
Project("{9A19103F-16F7-4668-BE54-9A1E7A4F7556}") = "Dota2Modding.VisualEditor.Plugins.Project", "Dota2Modding.VisualEditor.Plugins.Project\Dota2Modding.VisualEditor.Plugins.Project.csproj", "{8203EF14-202E-4B30-972E-452D027A2835}"
EndProject
Project("{9A19103F-16F7-4668-BE54-9A1E7A4F7556}") = "Dota2Modding.VisualEditor.Plugins.Project.Abstraction", "Dota2Modding.VisualEditor.Plugins.Project.Abstraction\Dota2Modding.VisualEditor.Plugins.Project.Abstraction.csproj", "{0A132376-C12F-4204-868C-81C0222FB04C}"
EndProject
Project("{9A19103F-16F7-4668-BE54-9A1E7A4F7556}") = "Dota2Modding.Common.Models", "Dota2Modding.Common.Models\Dota2Modding.Common.Models.csproj", "{05236223-2D5F-4B44-A080-0DD7679DBA64}"
EndProject
Project("{9A19103F-16F7-4668-BE54-9A1E7A4F7556}") = "Dota2Modding.VisualEditor.GUI.Abstraction", "Dota2Modding.VisualEditor.GUI.Abstraction\Dota2Modding.VisualEditor.GUI.Abstraction.csproj", "{CD514FBF-1983-409B-BB0C-B04F6DD56D81}"
EndProject
Project("{9A19103F-16F7-4668-BE54-9A1E7A4F7556}") = "EmberKernel", "EmberKernel\EmberKernel.csproj", "{EFE887E6-F9C8-4DAF-9795-E22FBD66E7C9}"
EndProject
Global
	GlobalSection(SolutionConfigurationPlatforms) = preSolution
		Debug|Any CPU = Debug|Any CPU
		Release|Any CPU = Release|Any CPU
	EndGlobalSection
	GlobalSection(ProjectConfigurationPlatforms) = postSolution
		{61B6420D-DF9F-4634-B05B-0A6A0884DD2D}.Debug|Any CPU.ActiveCfg = Debug|Any CPU
		{61B6420D-DF9F-4634-B05B-0A6A0884DD2D}.Debug|Any CPU.Build.0 = Debug|Any CPU
		{61B6420D-DF9F-4634-B05B-0A6A0884DD2D}.Release|Any CPU.ActiveCfg = Release|Any CPU
		{61B6420D-DF9F-4634-B05B-0A6A0884DD2D}.Release|Any CPU.Build.0 = Release|Any CPU
		{F20A514A-1055-4E7B-9B12-65B1EFED17EA}.Debug|Any CPU.ActiveCfg = Debug|Any CPU
		{F20A514A-1055-4E7B-9B12-65B1EFED17EA}.Debug|Any CPU.Build.0 = Debug|Any CPU
		{F20A514A-1055-4E7B-9B12-65B1EFED17EA}.Release|Any CPU.ActiveCfg = Release|Any CPU
		{F20A514A-1055-4E7B-9B12-65B1EFED17EA}.Release|Any CPU.Build.0 = Release|Any CPU
		{C0EA7583-8745-4D76-B7DD-6737C40D1C9C}.Debug|Any CPU.ActiveCfg = Debug|Any CPU
		{C0EA7583-8745-4D76-B7DD-6737C40D1C9C}.Debug|Any CPU.Build.0 = Debug|Any CPU
		{C0EA7583-8745-4D76-B7DD-6737C40D1C9C}.Release|Any CPU.ActiveCfg = Release|Any CPU
		{C0EA7583-8745-4D76-B7DD-6737C40D1C9C}.Release|Any CPU.Build.0 = Release|Any CPU
		{1804AF49-AD29-460C-8907-A34300F62848}.Debug|Any CPU.ActiveCfg = Debug|Any CPU
		{1804AF49-AD29-460C-8907-A34300F62848}.Debug|Any CPU.Build.0 = Debug|Any CPU
		{1804AF49-AD29-460C-8907-A34300F62848}.Release|Any CPU.ActiveCfg = Release|Any CPU
		{1804AF49-AD29-460C-8907-A34300F62848}.Release|Any CPU.Build.0 = Release|Any CPU
		{8203EF14-202E-4B30-972E-452D027A2835}.Debug|Any CPU.ActiveCfg = Debug|Any CPU
		{8203EF14-202E-4B30-972E-452D027A2835}.Debug|Any CPU.Build.0 = Debug|Any CPU
		{8203EF14-202E-4B30-972E-452D027A2835}.Release|Any CPU.ActiveCfg = Release|Any CPU
		{8203EF14-202E-4B30-972E-452D027A2835}.Release|Any CPU.Build.0 = Release|Any CPU
		{0A132376-C12F-4204-868C-81C0222FB04C}.Debug|Any CPU.ActiveCfg = Debug|Any CPU
		{0A132376-C12F-4204-868C-81C0222FB04C}.Debug|Any CPU.Build.0 = Debug|Any CPU
		{0A132376-C12F-4204-868C-81C0222FB04C}.Release|Any CPU.ActiveCfg = Release|Any CPU
		{0A132376-C12F-4204-868C-81C0222FB04C}.Release|Any CPU.Build.0 = Release|Any CPU
		{05236223-2D5F-4B44-A080-0DD7679DBA64}.Debug|Any CPU.ActiveCfg = Debug|Any CPU
		{05236223-2D5F-4B44-A080-0DD7679DBA64}.Debug|Any CPU.Build.0 = Debug|Any CPU
		{05236223-2D5F-4B44-A080-0DD7679DBA64}.Release|Any CPU.ActiveCfg = Release|Any CPU
		{05236223-2D5F-4B44-A080-0DD7679DBA64}.Release|Any CPU.Build.0 = Release|Any CPU
		{CD514FBF-1983-409B-BB0C-B04F6DD56D81}.Debug|Any CPU.ActiveCfg = Debug|Any CPU
		{CD514FBF-1983-409B-BB0C-B04F6DD56D81}.Debug|Any CPU.Build.0 = Debug|Any CPU
		{CD514FBF-1983-409B-BB0C-B04F6DD56D81}.Release|Any CPU.ActiveCfg = Release|Any CPU
		{CD514FBF-1983-409B-BB0C-B04F6DD56D81}.Release|Any CPU.Build.0 = Release|Any CPU
		{EFE887E6-F9C8-4DAF-9795-E22FBD66E7C9}.Debug|Any CPU.ActiveCfg = Debug|Any CPU
		{EFE887E6-F9C8-4DAF-9795-E22FBD66E7C9}.Debug|Any CPU.Build.0 = Debug|Any CPU
		{EFE887E6-F9C8-4DAF-9795-E22FBD66E7C9}.Release|Any CPU.ActiveCfg = Release|Any CPU
		{EFE887E6-F9C8-4DAF-9795-E22FBD66E7C9}.Release|Any CPU.Build.0 = Release|Any CPU
	EndGlobalSection
	GlobalSection(SolutionProperties) = preSolution
		HideSolutionNode = FALSE
	EndGlobalSection
	GlobalSection(ExtensibilityGlobals) = postSolution
		SolutionGuid = {84D29ABC-B612-45A0-8064-F1CDD3111A40}
	EndGlobalSection
EndGlobal
