
Microsoft Visual Studio Solution File, Format Version 12.00
# Visual Studio Version 17
VisualStudioVersion = 17.4.33213.308
MinimumVisualStudioVersion = 10.0.40219.1
Project("{9A19103F-16F7-4668-BE54-9A1E7A4F7556}") = "Dota2Modding.Common", "Dota2Modding.Common\Dota2Modding.Common.csproj", "{61B6420D-DF9F-4634-B05B-0A6A0884DD2D}"
EndProject
Project("{9A19103F-16F7-4668-BE54-9A1E7A4F7556}") = "Dota2Modding.Playground", "Dota2Modding.Playground\Dota2Modding.Playground.csproj", "{F20A514A-1055-4E7B-9B12-65B1EFED17EA}"
EndProject
Project("{9A19103F-16F7-4668-BE54-9A1E7A4F7556}") = "Dota2Modding.VisualEditor", "Dota2Modding.VisualEditor\Dota2Modding.VisualEditor.csproj", "{C0EA7583-8745-4D76-B7DD-6737C40D1C9C}"
EndProject
Project("{FAE04EC0-301F-11D3-BF4B-00C04F79EFBC}") = "Dota2Modding.VisualEditor.GUI", "Dota2Modding.VisualEditor.GUI\Dota2Modding.VisualEditor.GUI.csproj", "{1804AF49-AD29-460C-8907-A34300F62848}"
EndProject
Global
	GlobalSection(SolutionConfigurationPlatforms) = preSolution
		Debug|Any CPU = Debug|Any CPU
		Release|Any CPU = Release|Any CPU
	EndGlobalSection
	GlobalSection(ProjectConfigurationPlatforms) = postSolution
		{61B6420D-DF9F-4634-B05B-0A6A0884DD2D}.Debug|Any CPU.ActiveCfg = Debug|Any CPU
		{61B6420D-DF9F-4634-B05B-0A6A0884DD2D}.Debug|Any CPU.Build.0 = Debug|Any CPU
		{61B6420D-DF9F-4634-B05B-0A6A0884DD2D}.Release|Any CPU.ActiveCfg = Release|Any CPU
		{61B6420D-DF9F-4634-B05B-0A6A0884DD2D}.Release|Any CPU.Build.0 = Release|Any CPU
		{F20A514A-1055-4E7B-9B12-65B1EFED17EA}.Debug|Any CPU.ActiveCfg = Debug|Any CPU
		{F20A514A-1055-4E7B-9B12-65B1EFED17EA}.Debug|Any CPU.Build.0 = Debug|Any CPU
		{F20A514A-1055-4E7B-9B12-65B1EFED17EA}.Release|Any CPU.ActiveCfg = Release|Any CPU
		{F20A514A-1055-4E7B-9B12-65B1EFED17EA}.Release|Any CPU.Build.0 = Release|Any CPU
		{C0EA7583-8745-4D76-B7DD-6737C40D1C9C}.Debug|Any CPU.ActiveCfg = Debug|Any CPU
		{C0EA7583-8745-4D76-B7DD-6737C40D1C9C}.Debug|Any CPU.Build.0 = Debug|Any CPU
		{C0EA7583-8745-4D76-B7DD-6737C40D1C9C}.Release|Any CPU.ActiveCfg = Release|Any CPU
		{C0EA7583-8745-4D76-B7DD-6737C40D1C9C}.Release|Any CPU.Build.0 = Release|Any CPU
		{1804AF49-AD29-460C-8907-A34300F62848}.Debug|Any CPU.ActiveCfg = Debug|Any CPU
		{1804AF49-AD29-460C-8907-A34300F62848}.Debug|Any CPU.Build.0 = Debug|Any CPU
		{1804AF49-AD29-460C-8907-A34300F62848}.Release|Any CPU.ActiveCfg = Release|Any CPU
		{1804AF49-AD29-460C-8907-A34300F62848}.Release|Any CPU.Build.0 = Release|Any CPU
	EndGlobalSection
	GlobalSection(SolutionProperties) = preSolution
		HideSolutionNode = FALSE
	EndGlobalSection
	GlobalSection(ExtensibilityGlobals) = postSolution
		SolutionGuid = {84D29ABC-B612-45A0-8064-F1CDD3111A40}
	EndGlobalSection
EndGlobal
